// !$*UTF8*$!
{
	archiveVersion = 1;
	classes = {
	};
	objectVersion = 56;
	objects = {

/* Begin PBXBuildFile section */
		1B0279CC2A9C82B70089B414 /* CreditScoreDetailView.swift in Sources */ = {isa = PBXBuildFile; fileRef = 1B0279CB2A9C82B70089B414 /* CreditScoreDetailView.swift */; };
		1B0279CE2A9C85AC0089B414 /* CreditScoreView.swift in Sources */ = {isa = PBXBuildFile; fileRef = 1B0279CD2A9C85AC0089B414 /* CreditScoreView.swift */; };
		1B0279D02A9C9B730089B414 /* ModelCode.swift in Sources */ = {isa = PBXBuildFile; fileRef = 1B0279CF2A9C9B730089B414 /* ModelCode.swift */; };
		1B0279D22A9CAEF70089B414 /* CardView.swift in Sources */ = {isa = PBXBuildFile; fileRef = 1B0279D12A9CAEF70089B414 /* CardView.swift */; };
		1B0279D62A9CBE770089B414 /* Launch Screen.storyboard in Resources */ = {isa = PBXBuildFile; fileRef = 1B0279D52A9CBE770089B414 /* Launch Screen.storyboard */; };
		1B0867C72A99B638004FB825 /* ShowCreditScoreApp.swift in Sources */ = {isa = PBXBuildFile; fileRef = 1B0867C62A99B638004FB825 /* ShowCreditScoreApp.swift */; };
		1B0867C92A99B638004FB825 /* ContentView.swift in Sources */ = {isa = PBXBuildFile; fileRef = 1B0867C82A99B638004FB825 /* ContentView.swift */; };
		1B0867CB2A99B639004FB825 /* Assets.xcassets in Resources */ = {isa = PBXBuildFile; fileRef = 1B0867CA2A99B639004FB825 /* Assets.xcassets */; };
		1B0867CE2A99B639004FB825 /* Preview Assets.xcassets in Resources */ = {isa = PBXBuildFile; fileRef = 1B0867CD2A99B639004FB825 /* Preview Assets.xcassets */; };
		1B0867D82A99B639004FB825 /* ShowCreditScoreTests.swift in Sources */ = {isa = PBXBuildFile; fileRef = 1B0867D72A99B639004FB825 /* ShowCreditScoreTests.swift */; };
		1B0867E22A99B639004FB825 /* ShowCreditScoreUITests.swift in Sources */ = {isa = PBXBuildFile; fileRef = 1B0867E12A99B639004FB825 /* ShowCreditScoreUITests.swift */; };
		1B0867E42A99B639004FB825 /* ShowCreditScoreUITestsLaunchTests.swift in Sources */ = {isa = PBXBuildFile; fileRef = 1B0867E32A99B639004FB825 /* ShowCreditScoreUITestsLaunchTests.swift */; };
		1BECD8122A9A66A00060E9CC /* UserCreditViewModel.swift in Sources */ = {isa = PBXBuildFile; fileRef = 1BECD8112A9A66A00060E9CC /* UserCreditViewModel.swift */; };
		1BECD8142A9A67810060E9CC /* UserCreditScore.swift in Sources */ = {isa = PBXBuildFile; fileRef = 1BECD8132A9A67810060E9CC /* UserCreditScore.swift */; };
		1BECD8172A9B08F10060E9CC /* Constant.swift in Sources */ = {isa = PBXBuildFile; fileRef = 1BECD8162A9B08F10060E9CC /* Constant.swift */; };
		1BECD81A2A9BA2350060E9CC /* Enumerations.swift in Sources */ = {isa = PBXBuildFile; fileRef = 1BECD8192A9BA2350060E9CC /* Enumerations.swift */; };
		1BECD81D2A9BA3960060E9CC /* APIManager.swift in Sources */ = {isa = PBXBuildFile; fileRef = 1BECD81C2A9BA3960060E9CC /* APIManager.swift */; };
/* End PBXBuildFile section */

/* Begin PBXContainerItemProxy section */
		1B0867D42A99B639004FB825 /* PBXContainerItemProxy */ = {
			isa = PBXContainerItemProxy;
			containerPortal = 1B0867BB2A99B638004FB825 /* Project object */;
			proxyType = 1;
			remoteGlobalIDString = 1B0867C22A99B638004FB825;
			remoteInfo = ShowCreditScore;
		};
		1B0867DE2A99B639004FB825 /* PBXContainerItemProxy */ = {
			isa = PBXContainerItemProxy;
			containerPortal = 1B0867BB2A99B638004FB825 /* Project object */;
			proxyType = 1;
			remoteGlobalIDString = 1B0867C22A99B638004FB825;
			remoteInfo = ShowCreditScore;
		};
/* End PBXContainerItemProxy section */

/* Begin PBXFileReference section */
		1B0279CB2A9C82B70089B414 /* CreditScoreDetailView.swift */ = {isa = PBXFileReference; lastKnownFileType = sourcecode.swift; path = CreditScoreDetailView.swift; sourceTree = "<group>"; };
		1B0279CD2A9C85AC0089B414 /* CreditScoreView.swift */ = {isa = PBXFileReference; lastKnownFileType = sourcecode.swift; path = CreditScoreView.swift; sourceTree = "<group>"; };
		1B0279CF2A9C9B730089B414 /* ModelCode.swift */ = {isa = PBXFileReference; lastKnownFileType = sourcecode.swift; path = ModelCode.swift; sourceTree = "<group>"; };
		1B0279D12A9CAEF70089B414 /* CardView.swift */ = {isa = PBXFileReference; lastKnownFileType = sourcecode.swift; path = CardView.swift; sourceTree = "<group>"; };
		1B0279D52A9CBE770089B414 /* Launch Screen.storyboard */ = {isa = PBXFileReference; lastKnownFileType = file.storyboard; path = "Launch Screen.storyboard"; sourceTree = "<group>"; };
		1B0867C32A99B638004FB825 /* ShowCreditScore.app */ = {isa = PBXFileReference; explicitFileType = wrapper.application; includeInIndex = 0; path = ShowCreditScore.app; sourceTree = BUILT_PRODUCTS_DIR; };
		1B0867C62A99B638004FB825 /* ShowCreditScoreApp.swift */ = {isa = PBXFileReference; lastKnownFileType = sourcecode.swift; path = ShowCreditScoreApp.swift; sourceTree = "<group>"; };
		1B0867C82A99B638004FB825 /* ContentView.swift */ = {isa = PBXFileReference; lastKnownFileType = sourcecode.swift; path = ContentView.swift; sourceTree = "<group>"; };
		1B0867CA2A99B639004FB825 /* Assets.xcassets */ = {isa = PBXFileReference; lastKnownFileType = folder.assetcatalog; path = Assets.xcassets; sourceTree = "<group>"; };
		1B0867CD2A99B639004FB825 /* Preview Assets.xcassets */ = {isa = PBXFileReference; lastKnownFileType = folder.assetcatalog; path = "Preview Assets.xcassets"; sourceTree = "<group>"; };
		1B0867D32A99B639004FB825 /* ShowCreditScoreTests.xctest */ = {isa = PBXFileReference; explicitFileType = wrapper.cfbundle; includeInIndex = 0; path = ShowCreditScoreTests.xctest; sourceTree = BUILT_PRODUCTS_DIR; };
		1B0867D72A99B639004FB825 /* ShowCreditScoreTests.swift */ = {isa = PBXFileReference; lastKnownFileType = sourcecode.swift; path = ShowCreditScoreTests.swift; sourceTree = "<group>"; };
		1B0867DD2A99B639004FB825 /* ShowCreditScoreUITests.xctest */ = {isa = PBXFileReference; explicitFileType = wrapper.cfbundle; includeInIndex = 0; path = ShowCreditScoreUITests.xctest; sourceTree = BUILT_PRODUCTS_DIR; };
		1B0867E12A99B639004FB825 /* ShowCreditScoreUITests.swift */ = {isa = PBXFileReference; lastKnownFileType = sourcecode.swift; path = ShowCreditScoreUITests.swift; sourceTree = "<group>"; };
		1B0867E32A99B639004FB825 /* ShowCreditScoreUITestsLaunchTests.swift */ = {isa = PBXFileReference; lastKnownFileType = sourcecode.swift; path = ShowCreditScoreUITestsLaunchTests.swift; sourceTree = "<group>"; };
		1BECD8112A9A66A00060E9CC /* UserCreditViewModel.swift */ = {isa = PBXFileReference; lastKnownFileType = sourcecode.swift; path = UserCreditViewModel.swift; sourceTree = "<group>"; };
		1BECD8132A9A67810060E9CC /* UserCreditScore.swift */ = {isa = PBXFileReference; lastKnownFileType = sourcecode.swift; path = UserCreditScore.swift; sourceTree = "<group>"; };
		1BECD8162A9B08F10060E9CC /* Constant.swift */ = {isa = PBXFileReference; lastKnownFileType = sourcecode.swift; path = Constant.swift; sourceTree = "<group>"; };
		1BECD8192A9BA2350060E9CC /* Enumerations.swift */ = {isa = PBXFileReference; lastKnownFileType = sourcecode.swift; path = Enumerations.swift; sourceTree = "<group>"; };
		1BECD81C2A9BA3960060E9CC /* APIManager.swift */ = {isa = PBXFileReference; lastKnownFileType = sourcecode.swift; path = APIManager.swift; sourceTree = "<group>"; };
/* End PBXFileReference section */

/* Begin PBXFrameworksBuildPhase section */
		1B0867C02A99B638004FB825 /* Frameworks */ = {
			isa = PBXFrameworksBuildPhase;
			buildActionMask = 2147483647;
			files = (
			);
			runOnlyForDeploymentPostprocessing = 0;
		};
		1B0867D02A99B639004FB825 /* Frameworks */ = {
			isa = PBXFrameworksBuildPhase;
			buildActionMask = 2147483647;
			files = (
			);
			runOnlyForDeploymentPostprocessing = 0;
		};
		1B0867DA2A99B639004FB825 /* Frameworks */ = {
			isa = PBXFrameworksBuildPhase;
			buildActionMask = 2147483647;
			files = (
			);
			runOnlyForDeploymentPostprocessing = 0;
		};
/* End PBXFrameworksBuildPhase section */

/* Begin PBXGroup section */
		1B0867BA2A99B638004FB825 = {
			isa = PBXGroup;
			children = (
				1B0867C52A99B638004FB825 /* ShowCreditScore */,
				1B0867D62A99B639004FB825 /* ShowCreditScoreTests */,
				1B0867E02A99B639004FB825 /* ShowCreditScoreUITests */,
				1B0867C42A99B638004FB825 /* Products */,
			);
			sourceTree = "<group>";
		};
		1B0867C42A99B638004FB825 /* Products */ = {
			isa = PBXGroup;
			children = (
				1B0867C32A99B638004FB825 /* ShowCreditScore.app */,
				1B0867D32A99B639004FB825 /* ShowCreditScoreTests.xctest */,
				1B0867DD2A99B639004FB825 /* ShowCreditScoreUITests.xctest */,
			);
			name = Products;
			sourceTree = "<group>";
		};
		1B0867C52A99B638004FB825 /* ShowCreditScore */ = {
			isa = PBXGroup;
			children = (
				1BECD81B2A9BA3810060E9CC /* APIManager */,
				1BECD8182A9BA2270060E9CC /* Extensions */,
				1BECD8152A9B08C20060E9CC /* Constants */,
				1BECD80E2A9A660A0060E9CC /* Model */,
				1BECD80F2A9A66150060E9CC /* View */,
				1BECD8102A9A66210060E9CC /* ViewModel */,
				1B0867C62A99B638004FB825 /* ShowCreditScoreApp.swift */,
				1B0867CA2A99B639004FB825 /* Assets.xcassets */,
				1B0867CC2A99B639004FB825 /* Preview Content */,
				1B0279D52A9CBE770089B414 /* Launch Screen.storyboard */,
			);
			path = ShowCreditScore;
			sourceTree = "<group>";
		};
		1B0867CC2A99B639004FB825 /* Preview Content */ = {
			isa = PBXGroup;
			children = (
				1B0867CD2A99B639004FB825 /* Preview Assets.xcassets */,
			);
			path = "Preview Content";
			sourceTree = "<group>";
		};
		1B0867D62A99B639004FB825 /* ShowCreditScoreTests */ = {
			isa = PBXGroup;
			children = (
				1B0867D72A99B639004FB825 /* ShowCreditScoreTests.swift */,
			);
			path = ShowCreditScoreTests;
			sourceTree = "<group>";
		};
		1B0867E02A99B639004FB825 /* ShowCreditScoreUITests */ = {
			isa = PBXGroup;
			children = (
				1B0867E12A99B639004FB825 /* ShowCreditScoreUITests.swift */,
				1B0867E32A99B639004FB825 /* ShowCreditScoreUITestsLaunchTests.swift */,
			);
			path = ShowCreditScoreUITests;
			sourceTree = "<group>";
		};
		1BECD80E2A9A660A0060E9CC /* Model */ = {
			isa = PBXGroup;
			children = (
				1BECD8132A9A67810060E9CC /* UserCreditScore.swift */,
			);
			path = Model;
			sourceTree = "<group>";
		};
		1BECD80F2A9A66150060E9CC /* View */ = {
			isa = PBXGroup;
			children = (
				1B0867C82A99B638004FB825 /* ContentView.swift */,
				1B0279CB2A9C82B70089B414 /* CreditScoreDetailView.swift */,
				1B0279CD2A9C85AC0089B414 /* CreditScoreView.swift */,
				1B0279D12A9CAEF70089B414 /* CardView.swift */,
			);
			path = View;
			sourceTree = "<group>";
		};
		1BECD8102A9A66210060E9CC /* ViewModel */ = {
			isa = PBXGroup;
			children = (
				1BECD8112A9A66A00060E9CC /* UserCreditViewModel.swift */,
				1B0279CF2A9C9B730089B414 /* ModelCode.swift */,
			);
			path = ViewModel;
			sourceTree = "<group>";
		};
		1BECD8152A9B08C20060E9CC /* Constants */ = {
			isa = PBXGroup;
			children = (
				1BECD8162A9B08F10060E9CC /* Constant.swift */,
			);
			path = Constants;
			sourceTree = "<group>";
		};
		1BECD8182A9BA2270060E9CC /* Extensions */ = {
			isa = PBXGroup;
			children = (
				1BECD8192A9BA2350060E9CC /* Enumerations.swift */,
			);
			path = Extensions;
			sourceTree = "<group>";
		};
		1BECD81B2A9BA3810060E9CC /* APIManager */ = {
			isa = PBXGroup;
			children = (
				1BECD81C2A9BA3960060E9CC /* APIManager.swift */,
			);
			path = APIManager;
			sourceTree = "<group>";
		};
/* End PBXGroup section */

/* Begin PBXNativeTarget section */
		1B0867C22A99B638004FB825 /* ShowCreditScore */ = {
			isa = PBXNativeTarget;
			buildConfigurationList = 1B0867E72A99B639004FB825 /* Build configuration list for PBXNativeTarget "ShowCreditScore" */;
			buildPhases = (
				1B0867BF2A99B638004FB825 /* Sources */,
				1B0867C02A99B638004FB825 /* Frameworks */,
				1B0867C12A99B638004FB825 /* Resources */,
			);
			buildRules = (
			);
			dependencies = (
			);
			name = ShowCreditScore;
			productName = ShowCreditScore;
			productReference = 1B0867C32A99B638004FB825 /* ShowCreditScore.app */;
			productType = "com.apple.product-type.application";
		};
		1B0867D22A99B639004FB825 /* ShowCreditScoreTests */ = {
			isa = PBXNativeTarget;
			buildConfigurationList = 1B0867EA2A99B639004FB825 /* Build configuration list for PBXNativeTarget "ShowCreditScoreTests" */;
			buildPhases = (
				1B0867CF2A99B639004FB825 /* Sources */,
				1B0867D02A99B639004FB825 /* Frameworks */,
				1B0867D12A99B639004FB825 /* Resources */,
			);
			buildRules = (
			);
			dependencies = (
				1B0867D52A99B639004FB825 /* PBXTargetDependency */,
			);
			name = ShowCreditScoreTests;
			productName = ShowCreditScoreTests;
			productReference = 1B0867D32A99B639004FB825 /* ShowCreditScoreTests.xctest */;
			productType = "com.apple.product-type.bundle.unit-test";
		};
		1B0867DC2A99B639004FB825 /* ShowCreditScoreUITests */ = {
			isa = PBXNativeTarget;
			buildConfigurationList = 1B0867ED2A99B639004FB825 /* Build configuration list for PBXNativeTarget "ShowCreditScoreUITests" */;
			buildPhases = (
				1B0867D92A99B639004FB825 /* Sources */,
				1B0867DA2A99B639004FB825 /* Frameworks */,
				1B0867DB2A99B639004FB825 /* Resources */,
			);
			buildRules = (
			);
			dependencies = (
				1B0867DF2A99B639004FB825 /* PBXTargetDependency */,
			);
			name = ShowCreditScoreUITests;
			productName = ShowCreditScoreUITests;
			productReference = 1B0867DD2A99B639004FB825 /* ShowCreditScoreUITests.xctest */;
			productType = "com.apple.product-type.bundle.ui-testing";
		};
/* End PBXNativeTarget section */

/* Begin PBXProject section */
		1B0867BB2A99B638004FB825 /* Project object */ = {
			isa = PBXProject;
			attributes = {
				BuildIndependentTargetsInParallel = 1;
				LastSwiftUpdateCheck = 1430;
				LastUpgradeCheck = 1430;
				TargetAttributes = {
					1B0867C22A99B638004FB825 = {
						CreatedOnToolsVersion = 14.3.1;
					};
					1B0867D22A99B639004FB825 = {
						CreatedOnToolsVersion = 14.3.1;
						TestTargetID = 1B0867C22A99B638004FB825;
					};
					1B0867DC2A99B639004FB825 = {
						CreatedOnToolsVersion = 14.3.1;
						TestTargetID = 1B0867C22A99B638004FB825;
					};
				};
			};
			buildConfigurationList = 1B0867BE2A99B638004FB825 /* Build configuration list for PBXProject "ShowCreditScore" */;
			compatibilityVersion = "Xcode 14.0";
			developmentRegion = en;
			hasScannedForEncodings = 0;
			knownRegions = (
				en,
				Base,
			);
			mainGroup = 1B0867BA2A99B638004FB825;
			productRefGroup = 1B0867C42A99B638004FB825 /* Products */;
			projectDirPath = "";
			projectRoot = "";
			targets = (
				1B0867C22A99B638004FB825 /* ShowCreditScore */,
				1B0867D22A99B639004FB825 /* ShowCreditScoreTests */,
				1B0867DC2A99B639004FB825 /* ShowCreditScoreUITests */,
			);
		};
/* End PBXProject section */

/* Begin PBXResourcesBuildPhase section */
		1B0867C12A99B638004FB825 /* Resources */ = {
			isa = PBXResourcesBuildPhase;
			buildActionMask = 2147483647;
			files = (
				1B0867CE2A99B639004FB825 /* Preview Assets.xcassets in Resources */,
				1B0867CB2A99B639004FB825 /* Assets.xcassets in Resources */,
				1B0279D62A9CBE770089B414 /* Launch Screen.storyboard in Resources */,
			);
			runOnlyForDeploymentPostprocessing = 0;
		};
		1B0867D12A99B639004FB825 /* Resources */ = {
			isa = PBXResourcesBuildPhase;
			buildActionMask = 2147483647;
			files = (
			);
			runOnlyForDeploymentPostprocessing = 0;
		};
		1B0867DB2A99B639004FB825 /* Resources */ = {
			isa = PBXResourcesBuildPhase;
			buildActionMask = 2147483647;
			files = (
			);
			runOnlyForDeploymentPostprocessing = 0;
		};
/* End PBXResourcesBuildPhase section */

/* Begin PBXSourcesBuildPhase section */
		1B0867BF2A99B638004FB825 /* Sources */ = {
			isa = PBXSourcesBuildPhase;
			buildActionMask = 2147483647;
			files = (
				1B0279CE2A9C85AC0089B414 /* CreditScoreView.swift in Sources */,
				1BECD8122A9A66A00060E9CC /* UserCreditViewModel.swift in Sources */,
				1B0867C92A99B638004FB825 /* ContentView.swift in Sources */,
				1BECD8172A9B08F10060E9CC /* Constant.swift in Sources */,
				1B0279D02A9C9B730089B414 /* ModelCode.swift in Sources */,
				1B0279CC2A9C82B70089B414 /* CreditScoreDetailView.swift in Sources */,
				1BECD8142A9A67810060E9CC /* UserCreditScore.swift in Sources */,
				1B0867C72A99B638004FB825 /* ShowCreditScoreApp.swift in Sources */,
				1BECD81A2A9BA2350060E9CC /* Enumerations.swift in Sources */,
				1B0279D22A9CAEF70089B414 /* CardView.swift in Sources */,
				1BECD81D2A9BA3960060E9CC /* APIManager.swift in Sources */,
			);
			runOnlyForDeploymentPostprocessing = 0;
		};
		1B0867CF2A99B639004FB825 /* Sources */ = {
			isa = PBXSourcesBuildPhase;
			buildActionMask = 2147483647;
			files = (
				1B0867D82A99B639004FB825 /* ShowCreditScoreTests.swift in Sources */,
			);
			runOnlyForDeploymentPostprocessing = 0;
		};
		1B0867D92A99B639004FB825 /* Sources */ = {
			isa = PBXSourcesBuildPhase;
			buildActionMask = 2147483647;
			files = (
				1B0867E22A99B639004FB825 /* ShowCreditScoreUITests.swift in Sources */,
				1B0867E42A99B639004FB825 /* ShowCreditScoreUITestsLaunchTests.swift in Sources */,
			);
			runOnlyForDeploymentPostprocessing = 0;
		};
/* End PBXSourcesBuildPhase section */

/* Begin PBXTargetDependency section */
		1B0867D52A99B639004FB825 /* PBXTargetDependency */ = {
			isa = PBXTargetDependency;
			target = 1B0867C22A99B638004FB825 /* ShowCreditScore */;
			targetProxy = 1B0867D42A99B639004FB825 /* PBXContainerItemProxy */;
		};
		1B0867DF2A99B639004FB825 /* PBXTargetDependency */ = {
			isa = PBXTargetDependency;
			target = 1B0867C22A99B638004FB825 /* ShowCreditScore */;
			targetProxy = 1B0867DE2A99B639004FB825 /* PBXContainerItemProxy */;
		};
/* End PBXTargetDependency section */

/* Begin XCBuildConfiguration section */
		1B0867E52A99B639004FB825 /* Debug */ = {
			isa = XCBuildConfiguration;
			buildSettings = {
				ALWAYS_SEARCH_USER_PATHS = NO;
				CLANG_ANALYZER_NONNULL = YES;
				CLANG_ANALYZER_NUMBER_OBJECT_CONVERSION = YES_AGGRESSIVE;
				CLANG_CXX_LANGUAGE_STANDARD = "gnu++20";
				CLANG_ENABLE_MODULES = YES;
				CLANG_ENABLE_OBJC_ARC = YES;
				CLANG_ENABLE_OBJC_WEAK = YES;
				CLANG_WARN_BLOCK_CAPTURE_AUTORELEASING = YES;
				CLANG_WARN_BOOL_CONVERSION = YES;
				CLANG_WARN_COMMA = YES;
				CLANG_WARN_CONSTANT_CONVERSION = YES;
				CLANG_WARN_DEPRECATED_OBJC_IMPLEMENTATIONS = YES;
				CLANG_WARN_DIRECT_OBJC_ISA_USAGE = YES_ERROR;
				CLANG_WARN_DOCUMENTATION_COMMENTS = YES;
				CLANG_WARN_EMPTY_BODY = YES;
				CLANG_WARN_ENUM_CONVERSION = YES;
				CLANG_WARN_INFINITE_RECURSION = YES;
				CLANG_WARN_INT_CONVERSION = YES;
				CLANG_WARN_NON_LITERAL_NULL_CONVERSION = YES;
				CLANG_WARN_OBJC_IMPLICIT_RETAIN_SELF = YES;
				CLANG_WARN_OBJC_LITERAL_CONVERSION = YES;
				CLANG_WARN_OBJC_ROOT_CLASS = YES_ERROR;
				CLANG_WARN_QUOTED_INCLUDE_IN_FRAMEWORK_HEADER = YES;
				CLANG_WARN_RANGE_LOOP_ANALYSIS = YES;
				CLANG_WARN_STRICT_PROTOTYPES = YES;
				CLANG_WARN_SUSPICIOUS_MOVE = YES;
				CLANG_WARN_UNGUARDED_AVAILABILITY = YES_AGGRESSIVE;
				CLANG_WARN_UNREACHABLE_CODE = YES;
				CLANG_WARN__DUPLICATE_METHOD_MATCH = YES;
				COPY_PHASE_STRIP = NO;
				DEBUG_INFORMATION_FORMAT = dwarf;
				ENABLE_STRICT_OBJC_MSGSEND = YES;
				ENABLE_TESTABILITY = YES;
				GCC_C_LANGUAGE_STANDARD = gnu11;
				GCC_DYNAMIC_NO_PIC = NO;
				GCC_NO_COMMON_BLOCKS = YES;
				GCC_OPTIMIZATION_LEVEL = 0;
				GCC_PREPROCESSOR_DEFINITIONS = (
					"DEBUG=1",
					"$(inherited)",
				);
				GCC_WARN_64_TO_32_BIT_CONVERSION = YES;
				GCC_WARN_ABOUT_RETURN_TYPE = YES_ERROR;
				GCC_WARN_UNDECLARED_SELECTOR = YES;
				GCC_WARN_UNINITIALIZED_AUTOS = YES_AGGRESSIVE;
				GCC_WARN_UNUSED_FUNCTION = YES;
				GCC_WARN_UNUSED_VARIABLE = YES;
				IPHONEOS_DEPLOYMENT_TARGET = 16.4;
				MTL_ENABLE_DEBUG_INFO = INCLUDE_SOURCE;
				MTL_FAST_MATH = YES;
				ONLY_ACTIVE_ARCH = YES;
				SDKROOT = iphoneos;
				SWIFT_ACTIVE_COMPILATION_CONDITIONS = DEBUG;
				SWIFT_OPTIMIZATION_LEVEL = "-Onone";
			};
			name = Debug;
		};
		1B0867E62A99B639004FB825 /* Release */ = {
			isa = XCBuildConfiguration;
			buildSettings = {
				ALWAYS_SEARCH_USER_PATHS = NO;
				CLANG_ANALYZER_NONNULL = YES;
				CLANG_ANALYZER_NUMBER_OBJECT_CONVERSION = YES_AGGRESSIVE;
				CLANG_CXX_LANGUAGE_STANDARD = "gnu++20";
				CLANG_ENABLE_MODULES = YES;
				CLANG_ENABLE_OBJC_ARC = YES;
				CLANG_ENABLE_OBJC_WEAK = YES;
				CLANG_WARN_BLOCK_CAPTURE_AUTORELEASING = YES;
				CLANG_WARN_BOOL_CONVERSION = YES;
				CLANG_WARN_COMMA = YES;
				CLANG_WARN_CONSTANT_CONVERSION = YES;
				CLANG_WARN_DEPRECATED_OBJC_IMPLEMENTATIONS = YES;
				CLANG_WARN_DIRECT_OBJC_ISA_USAGE = YES_ERROR;
				CLANG_WARN_DOCUMENTATION_COMMENTS = YES;
				CLANG_WARN_EMPTY_BODY = YES;
				CLANG_WARN_ENUM_CONVERSION = YES;
				CLANG_WARN_INFINITE_RECURSION = YES;
				CLANG_WARN_INT_CONVERSION = YES;
				CLANG_WARN_NON_LITERAL_NULL_CONVERSION = YES;
				CLANG_WARN_OBJC_IMPLICIT_RETAIN_SELF = YES;
				CLANG_WARN_OBJC_LITERAL_CONVERSION = YES;
				CLANG_WARN_OBJC_ROOT_CLASS = YES_ERROR;
				CLANG_WARN_QUOTED_INCLUDE_IN_FRAMEWORK_HEADER = YES;
				CLANG_WARN_RANGE_LOOP_ANALYSIS = YES;
				CLANG_WARN_STRICT_PROTOTYPES = YES;
				CLANG_WARN_SUSPICIOUS_MOVE = YES;
				CLANG_WARN_UNGUARDED_AVAILABILITY = YES_AGGRESSIVE;
				CLANG_WARN_UNREACHABLE_CODE = YES;
				CLANG_WARN__DUPLICATE_METHOD_MATCH = YES;
				COPY_PHASE_STRIP = NO;
				DEBUG_INFORMATION_FORMAT = "dwarf-with-dsym";
				ENABLE_NS_ASSERTIONS = NO;
				ENABLE_STRICT_OBJC_MSGSEND = YES;
				GCC_C_LANGUAGE_STANDARD = gnu11;
				GCC_NO_COMMON_BLOCKS = YES;
				GCC_WARN_64_TO_32_BIT_CONVERSION = YES;
				GCC_WARN_ABOUT_RETURN_TYPE = YES_ERROR;
				GCC_WARN_UNDECLARED_SELECTOR = YES;
				GCC_WARN_UNINITIALIZED_AUTOS = YES_AGGRESSIVE;
				GCC_WARN_UNUSED_FUNCTION = YES;
				GCC_WARN_UNUSED_VARIABLE = YES;
				IPHONEOS_DEPLOYMENT_TARGET = 16.4;
				MTL_ENABLE_DEBUG_INFO = NO;
				MTL_FAST_MATH = YES;
				SDKROOT = iphoneos;
				SWIFT_COMPILATION_MODE = wholemodule;
				SWIFT_OPTIMIZATION_LEVEL = "-O";
				VALIDATE_PRODUCT = YES;
			};
			name = Release;
		};
		1B0867E82A99B639004FB825 /* Debug */ = {
			isa = XCBuildConfiguration;
			buildSettings = {
				ASSETCATALOG_COMPILER_APPICON_NAME = AppIcon;
				ASSETCATALOG_COMPILER_GLOBAL_ACCENT_COLOR_NAME = AccentColor;
				CODE_SIGN_STYLE = Automatic;
				CURRENT_PROJECT_VERSION = 1;
				DEVELOPMENT_ASSET_PATHS = "\"ShowCreditScore/Preview Content\"";
				ENABLE_PREVIEWS = YES;
				GENERATE_INFOPLIST_FILE = YES;
				INFOPLIST_KEY_UIApplicationSceneManifest_Generation = YES;
				INFOPLIST_KEY_UIApplicationSupportsIndirectInputEvents = YES;
				INFOPLIST_KEY_UILaunchScreen_Generation = YES;
				INFOPLIST_KEY_UILaunchStoryboardName = "Launch Screen.storyboard";
				INFOPLIST_KEY_UISupportedInterfaceOrientations = UIInterfaceOrientationPortrait;
				IPHONEOS_DEPLOYMENT_TARGET = 15.0;
				LD_RUNPATH_SEARCH_PATHS = (
					"$(inherited)",
					"@executable_path/Frameworks",
				);
				MARKETING_VERSION = 1.0;
				PRODUCT_BUNDLE_IDENTIFIER = com.maniyechuri.ShowCreditScore;
				PRODUCT_NAME = "$(TARGET_NAME)";
				SWIFT_EMIT_LOC_STRINGS = YES;
				SWIFT_VERSION = 5.0;
				TARGETED_DEVICE_FAMILY = "1,2";
			};
			name = Debug;
		};
		1B0867E92A99B639004FB825 /* Release */ = {
			isa = XCBuildConfiguration;
			buildSettings = {
				ASSETCATALOG_COMPILER_APPICON_NAME = AppIcon;
				ASSETCATALOG_COMPILER_GLOBAL_ACCENT_COLOR_NAME = AccentColor;
				CODE_SIGN_STYLE = Automatic;
				CURRENT_PROJECT_VERSION = 1;
				DEVELOPMENT_ASSET_PATHS = "\"ShowCreditScore/Preview Content\"";
				ENABLE_PREVIEWS = YES;
				GENERATE_INFOPLIST_FILE = YES;
				INFOPLIST_KEY_UIApplicationSceneManifest_Generation = YES;
				INFOPLIST_KEY_UIApplicationSupportsIndirectInputEvents = YES;
				INFOPLIST_KEY_UILaunchScreen_Generation = YES;
				INFOPLIST_KEY_UILaunchStoryboardName = "Launch Screen.storyboard";
				INFOPLIST_KEY_UISupportedInterfaceOrientations = UIInterfaceOrientationPortrait;
				IPHONEOS_DEPLOYMENT_TARGET = 15.0;
				LD_RUNPATH_SEARCH_PATHS = (
					"$(inherited)",
					"@executable_path/Frameworks",
				);
				MARKETING_VERSION = 1.0;
				PRODUCT_BUNDLE_IDENTIFIER = com.maniyechuri.ShowCreditScore;
				PRODUCT_NAME = "$(TARGET_NAME)";
				SWIFT_EMIT_LOC_STRINGS = YES;
				SWIFT_VERSION = 5.0;
				TARGETED_DEVICE_FAMILY = "1,2";
			};
			name = Release;
		};
		1B0867EB2A99B639004FB825 /* Debug */ = {
			isa = XCBuildConfiguration;
			buildSettings = {
				ALWAYS_EMBED_SWIFT_STANDARD_LIBRARIES = YES;
				BUNDLE_LOADER = "$(TEST_HOST)";
				CODE_SIGN_STYLE = Automatic;
				CURRENT_PROJECT_VERSION = 1;
				GENERATE_INFOPLIST_FILE = YES;
				IPHONEOS_DEPLOYMENT_TARGET = 16.4;
				MARKETING_VERSION = 1.0;
				PRODUCT_BUNDLE_IDENTIFIER = com.maniyechuri.ShowCreditScoreTests;
				PRODUCT_NAME = "$(TARGET_NAME)";
				SWIFT_EMIT_LOC_STRINGS = NO;
				SWIFT_VERSION = 5.0;
				TARGETED_DEVICE_FAMILY = "1,2";
				TEST_HOST = "$(BUILT_PRODUCTS_DIR)/ShowCreditScore.app/$(BUNDLE_EXECUTABLE_FOLDER_PATH)/ShowCreditScore";
			};
			name = Debug;
		};
		1B0867EC2A99B639004FB825 /* Release */ = {
			isa = XCBuildConfiguration;
			buildSettings = {
				ALWAYS_EMBED_SWIFT_STANDARD_LIBRARIES = YES;
				BUNDLE_LOADER = "$(TEST_HOST)";
				CODE_SIGN_STYLE = Automatic;
				CURRENT_PROJECT_VERSION = 1;
				GENERATE_INFOPLIST_FILE = YES;
				IPHONEOS_DEPLOYMENT_TARGET = 16.4;
				MARKETING_VERSION = 1.0;
				PRODUCT_BUNDLE_IDENTIFIER = com.maniyechuri.ShowCreditScoreTests;
				PRODUCT_NAME = "$(TARGET_NAME)";
				SWIFT_EMIT_LOC_STRINGS = NO;
				SWIFT_VERSION = 5.0;
				TARGETED_DEVICE_FAMILY = "1,2";
				TEST_HOST = "$(BUILT_PRODUCTS_DIR)/ShowCreditScore.app/$(BUNDLE_EXECUTABLE_FOLDER_PATH)/ShowCreditScore";
			};
			name = Release;
		};
		1B0867EE2A99B639004FB825 /* Debug */ = {
			isa = XCBuildConfiguration;
			buildSettings = {
				ALWAYS_EMBED_SWIFT_STANDARD_LIBRARIES = YES;
				CODE_SIGN_STYLE = Automatic;
				CURRENT_PROJECT_VERSION = 1;
				GENERATE_INFOPLIST_FILE = YES;
				MARKETING_VERSION = 1.0;
				PRODUCT_BUNDLE_IDENTIFIER = com.maniyechuri.ShowCreditScoreUITests;
				PRODUCT_NAME = "$(TARGET_NAME)";
				SWIFT_EMIT_LOC_STRINGS = NO;
				SWIFT_VERSION = 5.0;
				TARGETED_DEVICE_FAMILY = "1,2";
				TEST_TARGET_NAME = ShowCreditScore;
			};
			name = Debug;
		};
		1B0867EF2A99B639004FB825 /* Release */ = {
			isa = XCBuildConfiguration;
			buildSettings = {
				ALWAYS_EMBED_SWIFT_STANDARD_LIBRARIES = YES;
				CODE_SIGN_STYLE = Automatic;
				CURRENT_PROJECT_VERSION = 1;
				GENERATE_INFOPLIST_FILE = YES;
				MARKETING_VERSION = 1.0;
				PRODUCT_BUNDLE_IDENTIFIER = com.maniyechuri.ShowCreditScoreUITests;
				PRODUCT_NAME = "$(TARGET_NAME)";
				SWIFT_EMIT_LOC_STRINGS = NO;
				SWIFT_VERSION = 5.0;
				TARGETED_DEVICE_FAMILY = "1,2";
				TEST_TARGET_NAME = ShowCreditScore;
			};
			name = Release;
		};
/* End XCBuildConfiguration section */

/* Begin XCConfigurationList section */
		1B0867BE2A99B638004FB825 /* Build configuration list for PBXProject "ShowCreditScore" */ = {
			isa = XCConfigurationList;
			buildConfigurations = (
				1B0867E52A99B639004FB825 /* Debug */,
				1B0867E62A99B639004FB825 /* Release */,
			);
			defaultConfigurationIsVisible = 0;
			defaultConfigurationName = Release;
		};
		1B0867E72A99B639004FB825 /* Build configuration list for PBXNativeTarget "ShowCreditScore" */ = {
			isa = XCConfigurationList;
			buildConfigurations = (
				1B0867E82A99B639004FB825 /* Debug */,
				1B0867E92A99B639004FB825 /* Release */,
			);
			defaultConfigurationIsVisible = 0;
			defaultConfigurationName = Release;
		};
		1B0867EA2A99B639004FB825 /* Build configuration list for PBXNativeTarget "ShowCreditScoreTests" */ = {
			isa = XCConfigurationList;
			buildConfigurations = (
				1B0867EB2A99B639004FB825 /* Debug */,
				1B0867EC2A99B639004FB825 /* Release */,
			);
			defaultConfigurationIsVisible = 0;
			defaultConfigurationName = Release;
		};
		1B0867ED2A99B639004FB825 /* Build configuration list for PBXNativeTarget "ShowCreditScoreUITests" */ = {
			isa = XCConfigurationList;
			buildConfigurations = (
				1B0867EE2A99B639004FB825 /* Debug */,
				1B0867EF2A99B639004FB825 /* Release */,
			);
			defaultConfigurationIsVisible = 0;
			defaultConfigurationName = Release;
		};
/* End XCConfigurationList section */
	};
	rootObject = 1B0867BB2A99B638004FB825 /* Project object */;
}
